
Microsoft Visual Studio Solution File, Format Version 12.00
# Visual Studio Version 17
VisualStudioVersion = 17.3.32804.467
MinimumVisualStudioVersion = 10.0.40219.1
Project("{FAE04EC0-301F-11D3-BF4B-00C04F79EFBC}") = "QuanLyQuanCafe", "QuanLyQuanCafe\QuanLyQuanCafe.csproj", "{ED8C0DB7-330A-481B-853F-C1D15169E388}"
EndProject
Global
	GlobalSection(SolutionConfigurationPlatforms) = preSolution
		Debug|Any CPU = Debug|Any CPU
		Release|Any CPU = Release|Any CPU
	EndGlobalSection
	GlobalSection(ProjectConfigurationPlatforms) = postSolution
		{ED8C0DB7-330A-481B-853F-C1D15169E388}.Debug|Any CPU.ActiveCfg = Debug|Any CPU
		{ED8C0DB7-330A-481B-853F-C1D15169E388}.Debug|Any CPU.Build.0 = Debug|Any CPU
		{ED8C0DB7-330A-481B-853F-C1D15169E388}.Release|Any CPU.ActiveCfg = Release|Any CPU
		{ED8C0DB7-330A-481B-853F-C1D15169E388}.Release|Any CPU.Build.0 = Release|Any CPU
	EndGlobalSection
	GlobalSection(SolutionProperties) = preSolution
		HideSolutionNode = FALSE
	EndGlobalSection
	GlobalSection(ExtensibilityGlobals) = postSolution
		SolutionGuid = {3A33F7D7-B364-428A-A8ED-62944D833E89}
	EndGlobalSection
EndGlobal
